
Microsoft Visual Studio Solution File, Format Version 12.00
# Visual Studio Version 16
VisualStudioVersion = 16.0.31515.178
MinimumVisualStudioVersion = 10.0.40219.1
Project("{FAE04EC0-301F-11D3-BF4B-00C04F79EFBC}") = "WebApi", "WebApi\WebApi.csproj", "{07E3E12A-90CB-4871-8B8E-D00498EA889B}"
EndProject
Global
	GlobalSection(SolutionConfigurationPlatforms) = preSolution
		Debug|Any CPU = Debug|Any CPU
		Release|Any CPU = Release|Any CPU
	EndGlobalSection
	GlobalSection(ProjectConfigurationPlatforms) = postSolution
		{07E3E12A-90CB-4871-8B8E-D00498EA889B}.Debug|Any CPU.ActiveCfg = Debug|Any CPU
		{07E3E12A-90CB-4871-8B8E-D00498EA889B}.Debug|Any CPU.Build.0 = Debug|Any CPU
		{07E3E12A-90CB-4871-8B8E-D00498EA889B}.Release|Any CPU.ActiveCfg = Release|Any CPU
		{07E3E12A-90CB-4871-8B8E-D00498EA889B}.Release|Any CPU.Build.0 = Release|Any CPU
	EndGlobalSection
	GlobalSection(SolutionProperties) = preSolution
		HideSolutionNode = FALSE
	EndGlobalSection
	GlobalSection(ExtensibilityGlobals) = postSolution
		SolutionGuid = {B60BC2FF-2460-4F98-B919-C142A4DF9CEC}
	EndGlobalSection
EndGlobal
